
Microsoft Visual Studio Solution File, Format Version 12.00
# Visual Studio Version 17
VisualStudioVersion = 17.2.32519.379
MinimumVisualStudioVersion = 10.0.40219.1
Project("{9A19103F-16F7-4668-BE54-9A1E7A4F7556}") = "Entidades", "Aerolinea\Entidades.csproj", "{24254ACA-C1F2-4F52-986E-DABF35A9A29C}"
EndProject
Project("{9A19103F-16F7-4668-BE54-9A1E7A4F7556}") = "Vista", "Login\Vista.csproj", "{8FEC1B1E-56D3-42A9-87D0-E1B2300E48FE}"
EndProject
Project("{9A19103F-16F7-4668-BE54-9A1E7A4F7556}") = "Validaciones", "Validaciones\Validaciones.csproj", "{5CBFFB5C-6242-477B-A222-D4AB59D3BDA4}"
EndProject
Global
	GlobalSection(SolutionConfigurationPlatforms) = preSolution
		Debug|Any CPU = Debug|Any CPU
		Release|Any CPU = Release|Any CPU
	EndGlobalSection
	GlobalSection(ProjectConfigurationPlatforms) = postSolution
		{24254ACA-C1F2-4F52-986E-DABF35A9A29C}.Debug|Any CPU.ActiveCfg = Debug|Any CPU
		{24254ACA-C1F2-4F52-986E-DABF35A9A29C}.Debug|Any CPU.Build.0 = Debug|Any CPU
		{24254ACA-C1F2-4F52-986E-DABF35A9A29C}.Release|Any CPU.ActiveCfg = Release|Any CPU
		{24254ACA-C1F2-4F52-986E-DABF35A9A29C}.Release|Any CPU.Build.0 = Release|Any CPU
		{8FEC1B1E-56D3-42A9-87D0-E1B2300E48FE}.Debug|Any CPU.ActiveCfg = Debug|Any CPU
		{8FEC1B1E-56D3-42A9-87D0-E1B2300E48FE}.Debug|Any CPU.Build.0 = Debug|Any CPU
		{8FEC1B1E-56D3-42A9-87D0-E1B2300E48FE}.Release|Any CPU.ActiveCfg = Release|Any CPU
		{8FEC1B1E-56D3-42A9-87D0-E1B2300E48FE}.Release|Any CPU.Build.0 = Release|Any CPU
		{5CBFFB5C-6242-477B-A222-D4AB59D3BDA4}.Debug|Any CPU.ActiveCfg = Debug|Any CPU
		{5CBFFB5C-6242-477B-A222-D4AB59D3BDA4}.Debug|Any CPU.Build.0 = Debug|Any CPU
		{5CBFFB5C-6242-477B-A222-D4AB59D3BDA4}.Release|Any CPU.ActiveCfg = Release|Any CPU
		{5CBFFB5C-6242-477B-A222-D4AB59D3BDA4}.Release|Any CPU.Build.0 = Release|Any CPU
	EndGlobalSection
	GlobalSection(SolutionProperties) = preSolution
		HideSolutionNode = FALSE
	EndGlobalSection
	GlobalSection(ExtensibilityGlobals) = postSolution
		SolutionGuid = {3C5DB487-0A96-4163-BCCB-11DE01948100}
	EndGlobalSection
EndGlobal
